
Microsoft Visual Studio Solution File, Format Version 12.00
# Visual Studio Version 16
VisualStudioVersion = 16.0.29102.190
MinimumVisualStudioVersion = 10.0.40219.1
Project("{FAE04EC0-301F-11D3-BF4B-00C04F79EFBC}") = "getversion", "getversion\getversion.csproj", "{6FDA24C6-6638-4FE5-B1AA-168BAB257AAA}"
EndProject
Project("{FAE04EC0-301F-11D3-BF4B-00C04F79EFBC}") = "launch32", "launch32\launch32.csproj", "{4D13C76B-786F-4A01-98B3-3740FBEBA9BE}"
EndProject
Project("{FAE04EC0-301F-11D3-BF4B-00C04F79EFBC}") = "incversion", "incversion\incversion.csproj", "{3CC6520F-8D5C-4D9D-B2D4-096E81F248D7}"
EndProject
Global
	GlobalSection(SolutionConfigurationPlatforms) = preSolution
		Debug|Any CPU = Debug|Any CPU
		Release|Any CPU = Release|Any CPU
	EndGlobalSection
	GlobalSection(ProjectConfigurationPlatforms) = postSolution
		{6FDA24C6-6638-4FE5-B1AA-168BAB257AAA}.Debug|Any CPU.ActiveCfg = Debug|Any CPU
		{6FDA24C6-6638-4FE5-B1AA-168BAB257AAA}.Debug|Any CPU.Build.0 = Debug|Any CPU
		{6FDA24C6-6638-4FE5-B1AA-168BAB257AAA}.Release|Any CPU.ActiveCfg = Release|Any CPU
		{6FDA24C6-6638-4FE5-B1AA-168BAB257AAA}.Release|Any CPU.Build.0 = Release|Any CPU
		{4D13C76B-786F-4A01-98B3-3740FBEBA9BE}.Debug|Any CPU.ActiveCfg = Debug|Any CPU
		{4D13C76B-786F-4A01-98B3-3740FBEBA9BE}.Debug|Any CPU.Build.0 = Debug|Any CPU
		{4D13C76B-786F-4A01-98B3-3740FBEBA9BE}.Release|Any CPU.ActiveCfg = Release|Any CPU
		{4D13C76B-786F-4A01-98B3-3740FBEBA9BE}.Release|Any CPU.Build.0 = Release|Any CPU
		{3CC6520F-8D5C-4D9D-B2D4-096E81F248D7}.Debug|Any CPU.ActiveCfg = Debug|Any CPU
		{3CC6520F-8D5C-4D9D-B2D4-096E81F248D7}.Debug|Any CPU.Build.0 = Debug|Any CPU
		{3CC6520F-8D5C-4D9D-B2D4-096E81F248D7}.Release|Any CPU.ActiveCfg = Release|Any CPU
		{3CC6520F-8D5C-4D9D-B2D4-096E81F248D7}.Release|Any CPU.Build.0 = Release|Any CPU
	EndGlobalSection
	GlobalSection(SolutionProperties) = preSolution
		HideSolutionNode = FALSE
	EndGlobalSection
	GlobalSection(ExtensibilityGlobals) = postSolution
		SolutionGuid = {03CDED82-3474-4B00-8961-2D9833CB402A}
	EndGlobalSection
EndGlobal
